
Microsoft Visual Studio Solution File, Format Version 12.00
# Visual Studio Version 17
VisualStudioVersion = 17.10.34814.14
MinimumVisualStudioVersion = 10.0.40219.1
Project("{FAE04EC0-301F-11D3-BF4B-00C04F79EFBC}") = "CourseBundleSystem", "CourseBundleSystem\CourseBundleSystem.csproj", "{7202CE48-8B3C-4265-AE28-E20735C1C665}"
EndProject
Project("{FAE04EC0-301F-11D3-BF4B-00C04F79EFBC}") = "CourseBundleSystem.Tests", "CourseBundleSystem.Tests\CourseBundleSystem.Tests.csproj", "{A4F02382-0732-4381-ACC2-D7FF87F858AD}"
EndProject
Global
	GlobalSection(SolutionConfigurationPlatforms) = preSolution
		Debug|Any CPU = Debug|Any CPU
		Release|Any CPU = Release|Any CPU
	EndGlobalSection
	GlobalSection(ProjectConfigurationPlatforms) = postSolution
		{7202CE48-8B3C-4265-AE28-E20735C1C665}.Debug|Any CPU.ActiveCfg = Debug|Any CPU
		{7202CE48-8B3C-4265-AE28-E20735C1C665}.Debug|Any CPU.Build.0 = Debug|Any CPU
		{7202CE48-8B3C-4265-AE28-E20735C1C665}.Release|Any CPU.ActiveCfg = Release|Any CPU
		{7202CE48-8B3C-4265-AE28-E20735C1C665}.Release|Any CPU.Build.0 = Release|Any CPU
		{A4F02382-0732-4381-ACC2-D7FF87F858AD}.Debug|Any CPU.ActiveCfg = Debug|Any CPU
		{A4F02382-0732-4381-ACC2-D7FF87F858AD}.Debug|Any CPU.Build.0 = Debug|Any CPU
		{A4F02382-0732-4381-ACC2-D7FF87F858AD}.Release|Any CPU.ActiveCfg = Release|Any CPU
		{A4F02382-0732-4381-ACC2-D7FF87F858AD}.Release|Any CPU.Build.0 = Release|Any CPU
	EndGlobalSection
	GlobalSection(SolutionProperties) = preSolution
		HideSolutionNode = FALSE
	EndGlobalSection
	GlobalSection(ExtensibilityGlobals) = postSolution
		SolutionGuid = {80700DC2-379A-4D99-A4AB-FA6A6A2A2AB4}
	EndGlobalSection
EndGlobal
